
Microsoft Visual Studio Solution File, Format Version 12.00
# Visual Studio Version 17
VisualStudioVersion = 17.5.33414.496
MinimumVisualStudioVersion = 10.0.40219.1
Project("{FAE04EC0-301F-11D3-BF4B-00C04F79EFBC}") = "InvisiBrowserWPF", "InvisiBrowserWPF\InvisiBrowserWPF.csproj", "{7EEAF60B-0A9E-4C54-A4FD-0A532C808A16}"
EndProject
Global
	GlobalSection(SolutionConfigurationPlatforms) = preSolution
		Debug|Any CPU = Debug|Any CPU
		Release|Any CPU = Release|Any CPU
	EndGlobalSection
	GlobalSection(ProjectConfigurationPlatforms) = postSolution
		{7EEAF60B-0A9E-4C54-A4FD-0A532C808A16}.Debug|Any CPU.ActiveCfg = Debug|Any CPU
		{7EEAF60B-0A9E-4C54-A4FD-0A532C808A16}.Debug|Any CPU.Build.0 = Debug|Any CPU
		{7EEAF60B-0A9E-4C54-A4FD-0A532C808A16}.Release|Any CPU.ActiveCfg = Release|Any CPU
		{7EEAF60B-0A9E-4C54-A4FD-0A532C808A16}.Release|Any CPU.Build.0 = Release|Any CPU
	EndGlobalSection
	GlobalSection(SolutionProperties) = preSolution
		HideSolutionNode = FALSE
	EndGlobalSection
	GlobalSection(ExtensibilityGlobals) = postSolution
		SolutionGuid = {3A634BA2-979B-410E-B119-C379C7EDD729}
	EndGlobalSection
EndGlobal
